
Microsoft Visual Studio Solution File, Format Version 12.00
# Visual Studio Version 16
VisualStudioVersion = 16.0.33927.289
MinimumVisualStudioVersion = 10.0.40219.1
Project("{FAE04EC0-301F-11D3-BF4B-00C04F79EFBC}") = "sampletest", "sampletest\sampletest.csproj", "{257F0966-E8A6-4BB0-A6E4-15B0F9334B37}"
EndProject
Global
	GlobalSection(SolutionConfigurationPlatforms) = preSolution
		Debug|Any CPU = Debug|Any CPU
		Release|Any CPU = Release|Any CPU
	EndGlobalSection
	GlobalSection(ProjectConfigurationPlatforms) = postSolution
		{257F0966-E8A6-4BB0-A6E4-15B0F9334B37}.Debug|Any CPU.ActiveCfg = Debug|Any CPU
		{257F0966-E8A6-4BB0-A6E4-15B0F9334B37}.Debug|Any CPU.Build.0 = Debug|Any CPU
		{257F0966-E8A6-4BB0-A6E4-15B0F9334B37}.Release|Any CPU.ActiveCfg = Release|Any CPU
		{257F0966-E8A6-4BB0-A6E4-15B0F9334B37}.Release|Any CPU.Build.0 = Release|Any CPU
	EndGlobalSection
	GlobalSection(SolutionProperties) = preSolution
		HideSolutionNode = FALSE
	EndGlobalSection
	GlobalSection(ExtensibilityGlobals) = postSolution
		SolutionGuid = {7048CBE3-360C-4A7F-A388-E946AC773FE3}
	EndGlobalSection
EndGlobal
